// !$*UTF8*$!
{
	archiveVersion = 1;
	classes = {
	};
	objectVersion = 46;
	objects = {

/* Begin PBXBuildFile section */
		83BF09AD43A92BF3A8EB74A0 /* libPods-TODBModel.a in Frameworks */ = {isa = PBXBuildFile; fileRef = 5C3C0F24E9AE489AE617DA25 /* libPods-TODBModel.a */; };
		EA2F0F701E48C70A00893605 /* TODBAndCondition.m in Sources */ = {isa = PBXBuildFile; fileRef = EA2F0F691E48C70A00893605 /* TODBAndCondition.m */; };
		EA2F0F711E48C70A00893605 /* TODBCondition.m in Sources */ = {isa = PBXBuildFile; fileRef = EA2F0F6B1E48C70A00893605 /* TODBCondition.m */; };
		EA2F0F721E48C70A00893605 /* TODBNotCondition.m in Sources */ = {isa = PBXBuildFile; fileRef = EA2F0F6D1E48C70A00893605 /* TODBNotCondition.m */; };
		EA2F0F731E48C70A00893605 /* TODBOrCondition.m in Sources */ = {isa = PBXBuildFile; fileRef = EA2F0F6F1E48C70A00893605 /* TODBOrCondition.m */; };
		EA5710BB1F56AA3B00DF85A0 /* NSObject+TODBModel.m in Sources */ = {isa = PBXBuildFile; fileRef = EA5710BA1F56AA3B00DF85A0 /* NSObject+TODBModel.m */; };
		EA5710BE1F56AAF300DF85A0 /* NSObject+Cache.m in Sources */ = {isa = PBXBuildFile; fileRef = EA5710BD1F56AAF300DF85A0 /* NSObject+Cache.m */; };
		EA5710C11F56AB5500DF85A0 /* NSObject+Search.m in Sources */ = {isa = PBXBuildFile; fileRef = EA5710C01F56AB5500DF85A0 /* NSObject+Search.m */; };
		EA62A81D1FCE841D006EF287 /* DemoListTableViewController.m in Sources */ = {isa = PBXBuildFile; fileRef = EA62A81C1FCE841D006EF287 /* DemoListTableViewController.m */; };
		EA62A8291FCE8CC8006EF287 /* AddressBookTableViewController.m in Sources */ = {isa = PBXBuildFile; fileRef = EA62A8201FCE8CC8006EF287 /* AddressBookTableViewController.m */; };
		EA62A82A1FCE8CC8006EF287 /* AddressModel.m in Sources */ = {isa = PBXBuildFile; fileRef = EA62A8221FCE8CC8006EF287 /* AddressModel.m */; };
		EA62A82B1FCE8CC8006EF287 /* AddressSearchViewController.m in Sources */ = {isa = PBXBuildFile; fileRef = EA62A8241FCE8CC8006EF287 /* AddressSearchViewController.m */; };
		EA62A82C1FCE8CC8006EF287 /* AddressSearchViewController.xib in Resources */ = {isa = PBXBuildFile; fileRef = EA62A8251FCE8CC8006EF287 /* AddressSearchViewController.xib */; };
		EA62A82D1FCE8CC8006EF287 /* AddressTableViewCell.m in Sources */ = {isa = PBXBuildFile; fileRef = EA62A8271FCE8CC8006EF287 /* AddressTableViewCell.m */; };
		EA62A82E1FCE8CC8006EF287 /* AddressTableViewCell.xib in Resources */ = {isa = PBXBuildFile; fileRef = EA62A8281FCE8CC8006EF287 /* AddressTableViewCell.xib */; };
		EA62A8331FCE9663006EF287 /* PreformanceViewController.m in Sources */ = {isa = PBXBuildFile; fileRef = EA62A8311FCE9663006EF287 /* PreformanceViewController.m */; };
		EA62A8341FCE9663006EF287 /* PreformanceViewController.xib in Resources */ = {isa = PBXBuildFile; fileRef = EA62A8321FCE9663006EF287 /* PreformanceViewController.xib */; };
		EA62A8381FCEA598006EF287 /* EditAddressViewController.m in Sources */ = {isa = PBXBuildFile; fileRef = EA62A8361FCEA597006EF287 /* EditAddressViewController.m */; };
		EA62A8391FCEA598006EF287 /* EditAddressViewController.xib in Resources */ = {isa = PBXBuildFile; fileRef = EA62A8371FCEA598006EF287 /* EditAddressViewController.xib */; };
		EA72A2651DEE5D78005F12D2 /* TODataTypeHelper.m in Sources */ = {isa = PBXBuildFile; fileRef = EA72A2521DEE5D78005F12D2 /* TODataTypeHelper.m */; };
		EA72A2661DEE5D78005F12D2 /* AppDelegate.m in Sources */ = {isa = PBXBuildFile; fileRef = EA72A2571DEE5D78005F12D2 /* AppDelegate.m */; };
		EA72A2671DEE5D78005F12D2 /* Assets.xcassets in Resources */ = {isa = PBXBuildFile; fileRef = EA72A2581DEE5D78005F12D2 /* Assets.xcassets */; };
		EA72A2681DEE5D78005F12D2 /* LaunchScreen.storyboard in Resources */ = {isa = PBXBuildFile; fileRef = EA72A2591DEE5D78005F12D2 /* LaunchScreen.storyboard */; };
		EA72A26B1DEE5D78005F12D2 /* main.m in Sources */ = {isa = PBXBuildFile; fileRef = EA72A25E1DEE5D78005F12D2 /* main.m */; };
		EA72A2701DEE744B005F12D2 /* TODBPointer.m in Sources */ = {isa = PBXBuildFile; fileRef = EA72A26F1DEE744B005F12D2 /* TODBPointer.m */; };
/* End PBXBuildFile section */

/* Begin PBXFileReference section */
		29EBB61FA07838B6D214CF57 /* Pods-TODBModel.debug.xcconfig */ = {isa = PBXFileReference; includeInIndex = 1; lastKnownFileType = text.xcconfig; name = "Pods-TODBModel.debug.xcconfig"; path = "Pods/Target Support Files/Pods-TODBModel/Pods-TODBModel.debug.xcconfig"; sourceTree = "<group>"; };
		5C3C0F24E9AE489AE617DA25 /* libPods-TODBModel.a */ = {isa = PBXFileReference; explicitFileType = archive.ar; includeInIndex = 0; path = "libPods-TODBModel.a"; sourceTree = BUILT_PRODUCTS_DIR; };
		955ADFD052B1DD2CA11D97B4 /* Pods-TODBModel.release.xcconfig */ = {isa = PBXFileReference; includeInIndex = 1; lastKnownFileType = text.xcconfig; name = "Pods-TODBModel.release.xcconfig"; path = "Pods/Target Support Files/Pods-TODBModel/Pods-TODBModel.release.xcconfig"; sourceTree = "<group>"; };
		EA2F0F681E48C70A00893605 /* TODBAndCondition.h */ = {isa = PBXFileReference; fileEncoding = 4; lastKnownFileType = sourcecode.c.h; path = TODBAndCondition.h; sourceTree = "<group>"; };
		EA2F0F691E48C70A00893605 /* TODBAndCondition.m */ = {isa = PBXFileReference; fileEncoding = 4; lastKnownFileType = sourcecode.c.objc; path = TODBAndCondition.m; sourceTree = "<group>"; };
		EA2F0F6A1E48C70A00893605 /* TODBCondition.h */ = {isa = PBXFileReference; fileEncoding = 4; lastKnownFileType = sourcecode.c.h; path = TODBCondition.h; sourceTree = "<group>"; };
		EA2F0F6B1E48C70A00893605 /* TODBCondition.m */ = {isa = PBXFileReference; fileEncoding = 4; lastKnownFileType = sourcecode.c.objc; path = TODBCondition.m; sourceTree = "<group>"; };
		EA2F0F6C1E48C70A00893605 /* TODBNotCondition.h */ = {isa = PBXFileReference; fileEncoding = 4; lastKnownFileType = sourcecode.c.h; path = TODBNotCondition.h; sourceTree = "<group>"; };
		EA2F0F6D1E48C70A00893605 /* TODBNotCondition.m */ = {isa = PBXFileReference; fileEncoding = 4; lastKnownFileType = sourcecode.c.objc; path = TODBNotCondition.m; sourceTree = "<group>"; };
		EA2F0F6E1E48C70A00893605 /* TODBOrCondition.h */ = {isa = PBXFileReference; fileEncoding = 4; lastKnownFileType = sourcecode.c.h; path = TODBOrCondition.h; sourceTree = "<group>"; };
		EA2F0F6F1E48C70A00893605 /* TODBOrCondition.m */ = {isa = PBXFileReference; fileEncoding = 4; lastKnownFileType = sourcecode.c.objc; path = TODBOrCondition.m; sourceTree = "<group>"; };
		EA5710B91F56AA3B00DF85A0 /* NSObject+TODBModel.h */ = {isa = PBXFileReference; fileEncoding = 4; lastKnownFileType = sourcecode.c.h; path = "NSObject+TODBModel.h"; sourceTree = "<group>"; };
		EA5710BA1F56AA3B00DF85A0 /* NSObject+TODBModel.m */ = {isa = PBXFileReference; fileEncoding = 4; lastKnownFileType = sourcecode.c.objc; path = "NSObject+TODBModel.m"; sourceTree = "<group>"; };
		EA5710BC1F56AAF300DF85A0 /* NSObject+Cache.h */ = {isa = PBXFileReference; fileEncoding = 4; lastKnownFileType = sourcecode.c.h; path = "NSObject+Cache.h"; sourceTree = "<group>"; };
		EA5710BD1F56AAF300DF85A0 /* NSObject+Cache.m */ = {isa = PBXFileReference; fileEncoding = 4; lastKnownFileType = sourcecode.c.objc; path = "NSObject+Cache.m"; sourceTree = "<group>"; };
		EA5710BF1F56AB5400DF85A0 /* NSObject+Search.h */ = {isa = PBXFileReference; fileEncoding = 4; lastKnownFileType = sourcecode.c.h; path = "NSObject+Search.h"; sourceTree = "<group>"; };
		EA5710C01F56AB5500DF85A0 /* NSObject+Search.m */ = {isa = PBXFileReference; fileEncoding = 4; lastKnownFileType = sourcecode.c.objc; path = "NSObject+Search.m"; sourceTree = "<group>"; };
		EA62A81B1FCE841D006EF287 /* DemoListTableViewController.h */ = {isa = PBXFileReference; lastKnownFileType = sourcecode.c.h; path = DemoListTableViewController.h; sourceTree = "<group>"; };
		EA62A81C1FCE841D006EF287 /* DemoListTableViewController.m */ = {isa = PBXFileReference; lastKnownFileType = sourcecode.c.objc; path = DemoListTableViewController.m; sourceTree = "<group>"; };
		EA62A81F1FCE8CC8006EF287 /* AddressBookTableViewController.h */ = {isa = PBXFileReference; fileEncoding = 4; lastKnownFileType = sourcecode.c.h; path = AddressBookTableViewController.h; sourceTree = "<group>"; };
		EA62A8201FCE8CC8006EF287 /* AddressBookTableViewController.m */ = {isa = PBXFileReference; fileEncoding = 4; lastKnownFileType = sourcecode.c.objc; path = AddressBookTableViewController.m; sourceTree = "<group>"; };
		EA62A8211FCE8CC8006EF287 /* AddressModel.h */ = {isa = PBXFileReference; fileEncoding = 4; lastKnownFileType = sourcecode.c.h; path = AddressModel.h; sourceTree = "<group>"; };
		EA62A8221FCE8CC8006EF287 /* AddressModel.m */ = {isa = PBXFileReference; fileEncoding = 4; lastKnownFileType = sourcecode.c.objc; path = AddressModel.m; sourceTree = "<group>"; };
		EA62A8231FCE8CC8006EF287 /* AddressSearchViewController.h */ = {isa = PBXFileReference; fileEncoding = 4; lastKnownFileType = sourcecode.c.h; path = AddressSearchViewController.h; sourceTree = "<group>"; };
		EA62A8241FCE8CC8006EF287 /* AddressSearchViewController.m */ = {isa = PBXFileReference; fileEncoding = 4; lastKnownFileType = sourcecode.c.objc; path = AddressSearchViewController.m; sourceTree = "<group>"; };
		EA62A8251FCE8CC8006EF287 /* AddressSearchViewController.xib */ = {isa = PBXFileReference; fileEncoding = 4; lastKnownFileType = file.xib; path = AddressSearchViewController.xib; sourceTree = "<group>"; };
		EA62A8261FCE8CC8006EF287 /* AddressTableViewCell.h */ = {isa = PBXFileReference; fileEncoding = 4; lastKnownFileType = sourcecode.c.h; path = AddressTableViewCell.h; sourceTree = "<group>"; };
		EA62A8271FCE8CC8006EF287 /* AddressTableViewCell.m */ = {isa = PBXFileReference; fileEncoding = 4; lastKnownFileType = sourcecode.c.objc; path = AddressTableViewCell.m; sourceTree = "<group>"; };
		EA62A8281FCE8CC8006EF287 /* AddressTableViewCell.xib */ = {isa = PBXFileReference; fileEncoding = 4; lastKnownFileType = file.xib; path = AddressTableViewCell.xib; sourceTree = "<group>"; };
		EA62A8301FCE9663006EF287 /* PreformanceViewController.h */ = {isa = PBXFileReference; lastKnownFileType = sourcecode.c.h; path = PreformanceViewController.h; sourceTree = "<group>"; };
		EA62A8311FCE9663006EF287 /* PreformanceViewController.m */ = {isa = PBXFileReference; lastKnownFileType = sourcecode.c.objc; path = PreformanceViewController.m; sourceTree = "<group>"; };
		EA62A8321FCE9663006EF287 /* PreformanceViewController.xib */ = {isa = PBXFileReference; lastKnownFileType = file.xib; path = PreformanceViewController.xib; sourceTree = "<group>"; };
		EA62A8351FCEA597006EF287 /* EditAddressViewController.h */ = {isa = PBXFileReference; fileEncoding = 4; lastKnownFileType = sourcecode.c.h; path = EditAddressViewController.h; sourceTree = "<group>"; };
		EA62A8361FCEA597006EF287 /* EditAddressViewController.m */ = {isa = PBXFileReference; fileEncoding = 4; lastKnownFileType = sourcecode.c.objc; path = EditAddressViewController.m; sourceTree = "<group>"; };
		EA62A8371FCEA598006EF287 /* EditAddressViewController.xib */ = {isa = PBXFileReference; fileEncoding = 4; lastKnownFileType = file.xib; path = EditAddressViewController.xib; sourceTree = "<group>"; };
		EA72A24C1DEE5D78005F12D2 /* TODataBase.h */ = {isa = PBXFileReference; fileEncoding = 4; lastKnownFileType = sourcecode.c.h; path = TODataBase.h; sourceTree = "<group>"; };
		EA72A2511DEE5D78005F12D2 /* TODataTypeHelper.h */ = {isa = PBXFileReference; fileEncoding = 4; lastKnownFileType = sourcecode.c.h; path = TODataTypeHelper.h; sourceTree = "<group>"; };
		EA72A2521DEE5D78005F12D2 /* TODataTypeHelper.m */ = {isa = PBXFileReference; fileEncoding = 4; lastKnownFileType = sourcecode.c.objc; path = TODataTypeHelper.m; sourceTree = "<group>"; };
		EA72A2531DEE5D78005F12D2 /* TODBModel.h */ = {isa = PBXFileReference; fileEncoding = 4; lastKnownFileType = sourcecode.c.h; path = TODBModel.h; sourceTree = "<group>"; };
		EA72A2541DEE5D78005F12D2 /* TODBModelConfig.h */ = {isa = PBXFileReference; fileEncoding = 4; lastKnownFileType = sourcecode.c.h; path = TODBModelConfig.h; sourceTree = "<group>"; };
		EA72A2561DEE5D78005F12D2 /* AppDelegate.h */ = {isa = PBXFileReference; fileEncoding = 4; lastKnownFileType = sourcecode.c.h; path = AppDelegate.h; sourceTree = "<group>"; };
		EA72A2571DEE5D78005F12D2 /* AppDelegate.m */ = {isa = PBXFileReference; fileEncoding = 4; lastKnownFileType = sourcecode.c.objc; path = AppDelegate.m; sourceTree = "<group>"; };
		EA72A2581DEE5D78005F12D2 /* Assets.xcassets */ = {isa = PBXFileReference; lastKnownFileType = folder.assetcatalog; path = Assets.xcassets; sourceTree = "<group>"; };
		EA72A25A1DEE5D78005F12D2 /* Base */ = {isa = PBXFileReference; lastKnownFileType = file.storyboard; name = Base; path = Base.lproj/LaunchScreen.storyboard; sourceTree = "<group>"; };
		EA72A25D1DEE5D78005F12D2 /* Info.plist */ = {isa = PBXFileReference; fileEncoding = 4; lastKnownFileType = text.plist.xml; path = Info.plist; sourceTree = "<group>"; };
		EA72A25E1DEE5D78005F12D2 /* main.m */ = {isa = PBXFileReference; fileEncoding = 4; lastKnownFileType = sourcecode.c.objc; path = main.m; sourceTree = "<group>"; };
		EA72A26E1DEE744B005F12D2 /* TODBPointer.h */ = {isa = PBXFileReference; fileEncoding = 4; lastKnownFileType = sourcecode.c.h; path = TODBPointer.h; sourceTree = "<group>"; };
		EA72A26F1DEE744B005F12D2 /* TODBPointer.m */ = {isa = PBXFileReference; fileEncoding = 4; lastKnownFileType = sourcecode.c.objc; path = TODBPointer.m; sourceTree = "<group>"; };
		EAC1FEA21DE4353B00555898 /* TODBModel.app */ = {isa = PBXFileReference; explicitFileType = wrapper.application; includeInIndex = 0; path = TODBModel.app; sourceTree = BUILT_PRODUCTS_DIR; };
		EAC1FED11DE43FEB00555898 /* libsqlite3.tbd */ = {isa = PBXFileReference; lastKnownFileType = "sourcecode.text-based-dylib-definition"; name = libsqlite3.tbd; path = usr/lib/libsqlite3.tbd; sourceTree = SDKROOT; };
		EAC1FED31DE43FF100555898 /* libsqlite3.0.tbd */ = {isa = PBXFileReference; lastKnownFileType = "sourcecode.text-based-dylib-definition"; name = libsqlite3.0.tbd; path = usr/lib/libsqlite3.0.tbd; sourceTree = SDKROOT; };
/* End PBXFileReference section */

/* Begin PBXFrameworksBuildPhase section */
		EAC1FE9F1DE4353B00555898 /* Frameworks */ = {
			isa = PBXFrameworksBuildPhase;
			buildActionMask = 2147483647;
			files = (
				83BF09AD43A92BF3A8EB74A0 /* libPods-TODBModel.a in Frameworks */,
			);
			runOnlyForDeploymentPostprocessing = 0;
		};
/* End PBXFrameworksBuildPhase section */

/* Begin PBXGroup section */
		471FE7A46B44AEDF614C9BF7 /* Pods */ = {
			isa = PBXGroup;
			children = (
				29EBB61FA07838B6D214CF57 /* Pods-TODBModel.debug.xcconfig */,
				955ADFD052B1DD2CA11D97B4 /* Pods-TODBModel.release.xcconfig */,
			);
			name = Pods;
			sourceTree = "<group>";
		};
		A43E05BC6B2761C86D7E550B /* Frameworks */ = {
			isa = PBXGroup;
			children = (
				5C3C0F24E9AE489AE617DA25 /* libPods-TODBModel.a */,
			);
			name = Frameworks;
			sourceTree = "<group>";
		};
		EA62A81A1FCE82CB006EF287 /* demoList */ = {
			isa = PBXGroup;
			children = (
				EA62A81B1FCE841D006EF287 /* DemoListTableViewController.h */,
				EA62A81C1FCE841D006EF287 /* DemoListTableViewController.m */,
			);
			path = demoList;
			sourceTree = "<group>";
		};
		EA62A81E1FCE8CC8006EF287 /* addressBook */ = {
			isa = PBXGroup;
			children = (
				EA62A8351FCEA597006EF287 /* EditAddressViewController.h */,
				EA62A8361FCEA597006EF287 /* EditAddressViewController.m */,
				EA62A8371FCEA598006EF287 /* EditAddressViewController.xib */,
				EA62A81F1FCE8CC8006EF287 /* AddressBookTableViewController.h */,
				EA62A8201FCE8CC8006EF287 /* AddressBookTableViewController.m */,
				EA62A8211FCE8CC8006EF287 /* AddressModel.h */,
				EA62A8221FCE8CC8006EF287 /* AddressModel.m */,
				EA62A8231FCE8CC8006EF287 /* AddressSearchViewController.h */,
				EA62A8241FCE8CC8006EF287 /* AddressSearchViewController.m */,
				EA62A8251FCE8CC8006EF287 /* AddressSearchViewController.xib */,
				EA62A8261FCE8CC8006EF287 /* AddressTableViewCell.h */,
				EA62A8271FCE8CC8006EF287 /* AddressTableViewCell.m */,
				EA62A8281FCE8CC8006EF287 /* AddressTableViewCell.xib */,
			);
			path = addressBook;
			sourceTree = "<group>";
		};
		EA62A82F1FCE95AB006EF287 /* performance */ = {
			isa = PBXGroup;
			children = (
				EA62A8301FCE9663006EF287 /* PreformanceViewController.h */,
				EA62A8311FCE9663006EF287 /* PreformanceViewController.m */,
				EA62A8321FCE9663006EF287 /* PreformanceViewController.xib */,
			);
			path = performance;
			sourceTree = "<group>";
		};
		EA72A24B1DEE5D78005F12D2 /* TODBModel */ = {
			isa = PBXGroup;
			children = (
				EA2F0F681E48C70A00893605 /* TODBAndCondition.h */,
				EA2F0F691E48C70A00893605 /* TODBAndCondition.m */,
				EA2F0F6A1E48C70A00893605 /* TODBCondition.h */,
				EA2F0F6B1E48C70A00893605 /* TODBCondition.m */,
				EA2F0F6C1E48C70A00893605 /* TODBNotCondition.h */,
				EA2F0F6D1E48C70A00893605 /* TODBNotCondition.m */,
				EA2F0F6E1E48C70A00893605 /* TODBOrCondition.h */,
				EA2F0F6F1E48C70A00893605 /* TODBOrCondition.m */,
				EA72A24C1DEE5D78005F12D2 /* TODataBase.h */,
				EA72A2511DEE5D78005F12D2 /* TODataTypeHelper.h */,
				EA72A2521DEE5D78005F12D2 /* TODataTypeHelper.m */,
				EA72A2531DEE5D78005F12D2 /* TODBModel.h */,
				EA72A2541DEE5D78005F12D2 /* TODBModelConfig.h */,
				EA72A26E1DEE744B005F12D2 /* TODBPointer.h */,
				EA72A26F1DEE744B005F12D2 /* TODBPointer.m */,
				EA5710B91F56AA3B00DF85A0 /* NSObject+TODBModel.h */,
				EA5710BA1F56AA3B00DF85A0 /* NSObject+TODBModel.m */,
				EA5710BC1F56AAF300DF85A0 /* NSObject+Cache.h */,
				EA5710BD1F56AAF300DF85A0 /* NSObject+Cache.m */,
				EA5710BF1F56AB5400DF85A0 /* NSObject+Search.h */,
				EA5710C01F56AB5500DF85A0 /* NSObject+Search.m */,
			);
			path = TODBModel;
			sourceTree = "<group>";
		};
		EA72A2551DEE5D78005F12D2 /* TODBModelDemo */ = {
			isa = PBXGroup;
			children = (
				EA62A82F1FCE95AB006EF287 /* performance */,
				EA62A81E1FCE8CC8006EF287 /* addressBook */,
				EA62A81A1FCE82CB006EF287 /* demoList */,
				EA72A2561DEE5D78005F12D2 /* AppDelegate.h */,
				EA72A2571DEE5D78005F12D2 /* AppDelegate.m */,
				EA72A2581DEE5D78005F12D2 /* Assets.xcassets */,
				EA72A2591DEE5D78005F12D2 /* LaunchScreen.storyboard */,
				EA72A25D1DEE5D78005F12D2 /* Info.plist */,
				EA72A25E1DEE5D78005F12D2 /* main.m */,
			);
			path = TODBModelDemo;
			sourceTree = "<group>";
		};
		EAC1FE991DE4353B00555898 = {
			isa = PBXGroup;
			children = (
				EA72A24B1DEE5D78005F12D2 /* TODBModel */,
				EA72A2551DEE5D78005F12D2 /* TODBModelDemo */,
				EAC1FED31DE43FF100555898 /* libsqlite3.0.tbd */,
				EAC1FED11DE43FEB00555898 /* libsqlite3.tbd */,
				EAC1FEA31DE4353B00555898 /* Products */,
				471FE7A46B44AEDF614C9BF7 /* Pods */,
				A43E05BC6B2761C86D7E550B /* Frameworks */,
			);
			sourceTree = "<group>";
		};
		EAC1FEA31DE4353B00555898 /* Products */ = {
			isa = PBXGroup;
			children = (
				EAC1FEA21DE4353B00555898 /* TODBModel.app */,
			);
			name = Products;
			sourceTree = "<group>";
		};
/* End PBXGroup section */

/* Begin PBXNativeTarget section */
		EAC1FEA11DE4353B00555898 /* TODBModel */ = {
			isa = PBXNativeTarget;
			buildConfigurationList = EAC1FEB91DE4353B00555898 /* Build configuration list for PBXNativeTarget "TODBModel" */;
			buildPhases = (
				4AF825315B77297713717A70 /* [CP] Check Pods Manifest.lock */,
				EAC1FE9E1DE4353B00555898 /* Sources */,
				EAC1FE9F1DE4353B00555898 /* Frameworks */,
				EAC1FEA01DE4353B00555898 /* Resources */,
				019C68A2A0EE996A808A4549 /* [CP] Embed Pods Frameworks */,
				97439B18850731E160990BB4 /* [CP] Copy Pods Resources */,
			);
			buildRules = (
			);
			dependencies = (
			);
			name = TODBModel;
			productName = TOModelDemo;
			productReference = EAC1FEA21DE4353B00555898 /* TODBModel.app */;
			productType = "com.apple.product-type.application";
		};
/* End PBXNativeTarget section */

/* Begin PBXProject section */
		EAC1FE9A1DE4353B00555898 /* Project object */ = {
			isa = PBXProject;
			attributes = {
				LastUpgradeCheck = 0810;
				ORGANIZATIONNAME = Tony;
				TargetAttributes = {
					EAC1FEA11DE4353B00555898 = {
						CreatedOnToolsVersion = 7.3.1;
						DevelopmentTeam = C353C7Q7J9;
						LastSwiftMigration = 0820;
					};
				};
			};
			buildConfigurationList = EAC1FE9D1DE4353B00555898 /* Build configuration list for PBXProject "TODBModel" */;
			compatibilityVersion = "Xcode 3.2";
			developmentRegion = English;
			hasScannedForEncodings = 0;
			knownRegions = (
				en,
				Base,
			);
			mainGroup = EAC1FE991DE4353B00555898;
			productRefGroup = EAC1FEA31DE4353B00555898 /* Products */;
			projectDirPath = "";
			projectRoot = "";
			targets = (
				EAC1FEA11DE4353B00555898 /* TODBModel */,
			);
		};
/* End PBXProject section */

/* Begin PBXResourcesBuildPhase section */
		EAC1FEA01DE4353B00555898 /* Resources */ = {
			isa = PBXResourcesBuildPhase;
			buildActionMask = 2147483647;
			files = (
				EA62A82E1FCE8CC8006EF287 /* AddressTableViewCell.xib in Resources */,
				EA62A8391FCEA598006EF287 /* EditAddressViewController.xib in Resources */,
				EA72A2671DEE5D78005F12D2 /* Assets.xcassets in Resources */,
				EA62A8341FCE9663006EF287 /* PreformanceViewController.xib in Resources */,
				EA72A2681DEE5D78005F12D2 /* LaunchScreen.storyboard in Resources */,
				EA62A82C1FCE8CC8006EF287 /* AddressSearchViewController.xib in Resources */,
			);
			runOnlyForDeploymentPostprocessing = 0;
		};
/* End PBXResourcesBuildPhase section */

/* Begin PBXShellScriptBuildPhase section */
		019C68A2A0EE996A808A4549 /* [CP] Embed Pods Frameworks */ = {
			isa = PBXShellScriptBuildPhase;
			buildActionMask = 2147483647;
			files = (
			);
			inputPaths = (
			);
			name = "[CP] Embed Pods Frameworks";
			outputPaths = (
			);
			runOnlyForDeploymentPostprocessing = 0;
			shellPath = /bin/sh;
			shellScript = "\"${SRCROOT}/Pods/Target Support Files/Pods-TODBModel/Pods-TODBModel-frameworks.sh\"\n";
			showEnvVarsInLog = 0;
		};
		4AF825315B77297713717A70 /* [CP] Check Pods Manifest.lock */ = {
			isa = PBXShellScriptBuildPhase;
			buildActionMask = 2147483647;
			files = (
			);
			inputPaths = (
				"${PODS_PODFILE_DIR_PATH}/Podfile.lock",
				"${PODS_ROOT}/Manifest.lock",
			);
			name = "[CP] Check Pods Manifest.lock";
			outputPaths = (
				"$(DERIVED_FILE_DIR)/Pods-TODBModel-checkManifestLockResult.txt",
			);
			runOnlyForDeploymentPostprocessing = 0;
			shellPath = /bin/sh;
			shellScript = "diff \"${PODS_PODFILE_DIR_PATH}/Podfile.lock\" \"${PODS_ROOT}/Manifest.lock\" > /dev/null\nif [ $? != 0 ] ; then\n    # print error to STDERR\n    echo \"error: The sandbox is not in sync with the Podfile.lock. Run 'pod install' or update your CocoaPods installation.\" >&2\n    exit 1\nfi\n# This output is used by Xcode 'outputs' to avoid re-running this script phase.\necho \"SUCCESS\" > \"${SCRIPT_OUTPUT_FILE_0}\"\n";
			showEnvVarsInLog = 0;
		};
		97439B18850731E160990BB4 /* [CP] Copy Pods Resources */ = {
			isa = PBXShellScriptBuildPhase;
			buildActionMask = 2147483647;
			files = (
			);
			inputPaths = (
			);
			name = "[CP] Copy Pods Resources";
			outputPaths = (
			);
			runOnlyForDeploymentPostprocessing = 0;
			shellPath = /bin/sh;
			shellScript = "\"${SRCROOT}/Pods/Target Support Files/Pods-TODBModel/Pods-TODBModel-resources.sh\"\n";
			showEnvVarsInLog = 0;
		};
/* End PBXShellScriptBuildPhase section */

/* Begin PBXSourcesBuildPhase section */
		EAC1FE9E1DE4353B00555898 /* Sources */ = {
			isa = PBXSourcesBuildPhase;
			buildActionMask = 2147483647;
			files = (
				EA62A82A1FCE8CC8006EF287 /* AddressModel.m in Sources */,
				EA5710BB1F56AA3B00DF85A0 /* NSObject+TODBModel.m in Sources */,
				EA72A26B1DEE5D78005F12D2 /* main.m in Sources */,
				EA62A8381FCEA598006EF287 /* EditAddressViewController.m in Sources */,
				EA5710BE1F56AAF300DF85A0 /* NSObject+Cache.m in Sources */,
				EA72A2701DEE744B005F12D2 /* TODBPointer.m in Sources */,
				EA62A82B1FCE8CC8006EF287 /* AddressSearchViewController.m in Sources */,
				EA62A8291FCE8CC8006EF287 /* AddressBookTableViewController.m in Sources */,
				EA62A82D1FCE8CC8006EF287 /* AddressTableViewCell.m in Sources */,
				EA5710C11F56AB5500DF85A0 /* NSObject+Search.m in Sources */,
				EA62A8331FCE9663006EF287 /* PreformanceViewController.m in Sources */,
				EA72A2661DEE5D78005F12D2 /* AppDelegate.m in Sources */,
				EA62A81D1FCE841D006EF287 /* DemoListTableViewController.m in Sources */,
				EA2F0F701E48C70A00893605 /* TODBAndCondition.m in Sources */,
				EA2F0F731E48C70A00893605 /* TODBOrCondition.m in Sources */,
				EA2F0F711E48C70A00893605 /* TODBCondition.m in Sources */,
				EA72A2651DEE5D78005F12D2 /* TODataTypeHelper.m in Sources */,
				EA2F0F721E48C70A00893605 /* TODBNotCondition.m in Sources */,
			);
			runOnlyForDeploymentPostprocessing = 0;
		};
/* End PBXSourcesBuildPhase section */

/* Begin PBXVariantGroup section */
		EA72A2591DEE5D78005F12D2 /* LaunchScreen.storyboard */ = {
			isa = PBXVariantGroup;
			children = (
				EA72A25A1DEE5D78005F12D2 /* Base */,
			);
			name = LaunchScreen.storyboard;
			sourceTree = "<group>";
		};
/* End PBXVariantGroup section */

/* Begin XCBuildConfiguration section */
		EAC1FEB71DE4353B00555898 /* Debug */ = {
			isa = XCBuildConfiguration;
			buildSettings = {
				ALWAYS_SEARCH_USER_PATHS = NO;
				CLANG_ANALYZER_NONNULL = YES;
				CLANG_CXX_LANGUAGE_STANDARD = "gnu++0x";
				CLANG_CXX_LIBRARY = "libc++";
				CLANG_ENABLE_MODULES = YES;
				CLANG_ENABLE_OBJC_ARC = YES;
				CLANG_WARN_BOOL_CONVERSION = YES;
				CLANG_WARN_CONSTANT_CONVERSION = YES;
				CLANG_WARN_DIRECT_OBJC_ISA_USAGE = YES_ERROR;
				CLANG_WARN_EMPTY_BODY = YES;
				CLANG_WARN_ENUM_CONVERSION = YES;
				CLANG_WARN_INFINITE_RECURSION = YES;
				CLANG_WARN_INT_CONVERSION = YES;
				CLANG_WARN_OBJC_ROOT_CLASS = YES_ERROR;
				CLANG_WARN_SUSPICIOUS_MOVE = YES;
				CLANG_WARN_UNREACHABLE_CODE = YES;
				CLANG_WARN__DUPLICATE_METHOD_MATCH = YES;
				"CODE_SIGN_IDENTITY[sdk=iphoneos*]" = "iPhone Developer";
				COPY_PHASE_STRIP = NO;
				DEBUG_INFORMATION_FORMAT = dwarf;
				ENABLE_STRICT_OBJC_MSGSEND = YES;
				ENABLE_TESTABILITY = YES;
				GCC_C_LANGUAGE_STANDARD = gnu99;
				GCC_DYNAMIC_NO_PIC = NO;
				GCC_NO_COMMON_BLOCKS = YES;
				GCC_OPTIMIZATION_LEVEL = 0;
				GCC_PREPROCESSOR_DEFINITIONS = (
					"DEBUG=1",
					"$(inherited)",
				);
				GCC_WARN_64_TO_32_BIT_CONVERSION = YES;
				GCC_WARN_ABOUT_RETURN_TYPE = YES_ERROR;
				GCC_WARN_UNDECLARED_SELECTOR = YES;
				GCC_WARN_UNINITIALIZED_AUTOS = YES_AGGRESSIVE;
				GCC_WARN_UNUSED_FUNCTION = YES;
				GCC_WARN_UNUSED_VARIABLE = YES;
				IPHONEOS_DEPLOYMENT_TARGET = 9.3;
				MTL_ENABLE_DEBUG_INFO = YES;
				ONLY_ACTIVE_ARCH = YES;
				SDKROOT = iphoneos;
			};
			name = Debug;
		};
		EAC1FEB81DE4353B00555898 /* Release */ = {
			isa = XCBuildConfiguration;
			buildSettings = {
				ALWAYS_SEARCH_USER_PATHS = NO;
				CLANG_ANALYZER_NONNULL = YES;
				CLANG_CXX_LANGUAGE_STANDARD = "gnu++0x";
				CLANG_CXX_LIBRARY = "libc++";
				CLANG_ENABLE_MODULES = YES;
				CLANG_ENABLE_OBJC_ARC = YES;
				CLANG_WARN_BOOL_CONVERSION = YES;
				CLANG_WARN_CONSTANT_CONVERSION = YES;
				CLANG_WARN_DIRECT_OBJC_ISA_USAGE = YES_ERROR;
				CLANG_WARN_EMPTY_BODY = YES;
				CLANG_WARN_ENUM_CONVERSION = YES;
				CLANG_WARN_INFINITE_RECURSION = YES;
				CLANG_WARN_INT_CONVERSION = YES;
				CLANG_WARN_OBJC_ROOT_CLASS = YES_ERROR;
				CLANG_WARN_SUSPICIOUS_MOVE = YES;
				CLANG_WARN_UNREACHABLE_CODE = YES;
				CLANG_WARN__DUPLICATE_METHOD_MATCH = YES;
				"CODE_SIGN_IDENTITY[sdk=iphoneos*]" = "iPhone Developer";
				COPY_PHASE_STRIP = NO;
				DEBUG_INFORMATION_FORMAT = "dwarf-with-dsym";
				ENABLE_NS_ASSERTIONS = NO;
				ENABLE_STRICT_OBJC_MSGSEND = YES;
				GCC_C_LANGUAGE_STANDARD = gnu99;
				GCC_NO_COMMON_BLOCKS = YES;
				GCC_WARN_64_TO_32_BIT_CONVERSION = YES;
				GCC_WARN_ABOUT_RETURN_TYPE = YES_ERROR;
				GCC_WARN_UNDECLARED_SELECTOR = YES;
				GCC_WARN_UNINITIALIZED_AUTOS = YES_AGGRESSIVE;
				GCC_WARN_UNUSED_FUNCTION = YES;
				GCC_WARN_UNUSED_VARIABLE = YES;
				IPHONEOS_DEPLOYMENT_TARGET = 9.3;
				MTL_ENABLE_DEBUG_INFO = NO;
				SDKROOT = iphoneos;
				VALIDATE_PRODUCT = YES;
			};
			name = Release;
		};
		EAC1FEBA1DE4353B00555898 /* Debug */ = {
			isa = XCBuildConfiguration;
			baseConfigurationReference = 29EBB61FA07838B6D214CF57 /* Pods-TODBModel.debug.xcconfig */;
			buildSettings = {
				ASSETCATALOG_COMPILER_APPICON_NAME = AppIcon;
				DEVELOPMENT_TEAM = C353C7Q7J9;
				HEADER_SEARCH_PATHS = (
					"$(inherited)",
					"$(PROJECT_DIR)/../TOModel/TOModel",
				);
				INFOPLIST_FILE = "$(SRCROOT)/TODBModelDemo/Info.plist";
				IPHONEOS_DEPLOYMENT_TARGET = 8.0;
				LD_RUNPATH_SEARCH_PATHS = "$(inherited) @executable_path/Frameworks";
				PRODUCT_BUNDLE_IDENTIFIER = com.coco3g.TODBModel;
				PRODUCT_NAME = "$(TARGET_NAME)";
				SWIFT_VERSION = 3.0;
				TARGETED_DEVICE_FAMILY = 1;
			};
			name = Debug;
		};
		EAC1FEBB1DE4353B00555898 /* Release */ = {
			isa = XCBuildConfiguration;
			baseConfigurationReference = 955ADFD052B1DD2CA11D97B4 /* Pods-TODBModel.release.xcconfig */;
			buildSettings = {
				ASSETCATALOG_COMPILER_APPICON_NAME = AppIcon;
				DEVELOPMENT_TEAM = C353C7Q7J9;
				HEADER_SEARCH_PATHS = (
					"$(inherited)",
					"$(PROJECT_DIR)/../TOModel/TOModel",
				);
				INFOPLIST_FILE = "$(SRCROOT)/TODBModelDemo/Info.plist";
				IPHONEOS_DEPLOYMENT_TARGET = 8.0;
				LD_RUNPATH_SEARCH_PATHS = "$(inherited) @executable_path/Frameworks";
				PRODUCT_BUNDLE_IDENTIFIER = com.coco3g.TODBModel;
				PRODUCT_NAME = "$(TARGET_NAME)";
				SWIFT_VERSION = 3.0;
				TARGETED_DEVICE_FAMILY = 1;
			};
			name = Release;
		};
/* End XCBuildConfiguration section */

/* Begin XCConfigurationList section */
		EAC1FE9D1DE4353B00555898 /* Build configuration list for PBXProject "TODBModel" */ = {
			isa = XCConfigurationList;
			buildConfigurations = (
				EAC1FEB71DE4353B00555898 /* Debug */,
				EAC1FEB81DE4353B00555898 /* Release */,
			);
			defaultConfigurationIsVisible = 0;
			defaultConfigurationName = Release;
		};
		EAC1FEB91DE4353B00555898 /* Build configuration list for PBXNativeTarget "TODBModel" */ = {
			isa = XCConfigurationList;
			buildConfigurations = (
				EAC1FEBA1DE4353B00555898 /* Debug */,
				EAC1FEBB1DE4353B00555898 /* Release */,
			);
			defaultConfigurationIsVisible = 0;
			defaultConfigurationName = Release;
		};
/* End XCConfigurationList section */
	};
	rootObject = EAC1FE9A1DE4353B00555898 /* Project object */;
}
